
Microsoft Visual Studio Solution File, Format Version 12.00
# Visual Studio 15
VisualStudioVersion = 15.0.28307.1927
MinimumVisualStudioVersion = 10.0.40219.1
Project("{FAE04EC0-301F-11D3-BF4B-00C04F79EFBC}") = "SalesWeb", "SalesWeb\SalesWeb.csproj", "{9B59A8E7-C593-482F-AADE-4123D0A20C82}"
EndProject
Global
	GlobalSection(SolutionConfigurationPlatforms) = preSolution
		Debug|Any CPU = Debug|Any CPU
		Release|Any CPU = Release|Any CPU
	EndGlobalSection
	GlobalSection(ProjectConfigurationPlatforms) = postSolution
		{9B59A8E7-C593-482F-AADE-4123D0A20C82}.Debug|Any CPU.ActiveCfg = Debug|Any CPU
		{9B59A8E7-C593-482F-AADE-4123D0A20C82}.Debug|Any CPU.Build.0 = Debug|Any CPU
		{9B59A8E7-C593-482F-AADE-4123D0A20C82}.Release|Any CPU.ActiveCfg = Release|Any CPU
		{9B59A8E7-C593-482F-AADE-4123D0A20C82}.Release|Any CPU.Build.0 = Release|Any CPU
	EndGlobalSection
	GlobalSection(SolutionProperties) = preSolution
		HideSolutionNode = FALSE
	EndGlobalSection
	GlobalSection(ExtensibilityGlobals) = postSolution
		SolutionGuid = {9A484685-18B2-4E35-963F-4B781E4E7D45}
	EndGlobalSection
EndGlobal
